
Microsoft Visual Studio Solution File, Format Version 12.00
# Visual Studio Version 17
VisualStudioVersion = 17.3.32804.467
MinimumVisualStudioVersion = 10.0.40219.1
Project("{9A19103F-16F7-4668-BE54-9A1E7A4F7556}") = "BLCompanyAPI", "BLCompanyAPI\BLCompanyAPI.csproj", "{3BFBA18D-34AF-418B-899F-D8EBDD86CF07}"
EndProject
Project("{9A19103F-16F7-4668-BE54-9A1E7A4F7556}") = "BLCompanyAPI.Services", "BLCompanyAPI.Services\BLCompanyAPI.Services.csproj", "{DC935228-D467-48F7-8B58-51CD54EF120F}"
EndProject
Project("{9A19103F-16F7-4668-BE54-9A1E7A4F7556}") = "BLCompanyAPI.DataAccess", "BLCompanyAPI.DataAccess\BLCompanyAPI.DataAccess.csproj", "{3C0154A6-BE22-4792-A87D-ABBD64FAD049}"
EndProject
Project("{9A19103F-16F7-4668-BE54-9A1E7A4F7556}") = "BLCompanyAPI.Models", "BLCompanyAPI.Models\BLCompanyAPI.Models.csproj", "{36831926-1EBD-420E-B8FE-E5720FC5D2B5}"
EndProject
Global
	GlobalSection(SolutionConfigurationPlatforms) = preSolution
		Debug|Any CPU = Debug|Any CPU
		Release|Any CPU = Release|Any CPU
	EndGlobalSection
	GlobalSection(ProjectConfigurationPlatforms) = postSolution
		{3BFBA18D-34AF-418B-899F-D8EBDD86CF07}.Debug|Any CPU.ActiveCfg = Debug|Any CPU
		{3BFBA18D-34AF-418B-899F-D8EBDD86CF07}.Debug|Any CPU.Build.0 = Debug|Any CPU
		{3BFBA18D-34AF-418B-899F-D8EBDD86CF07}.Release|Any CPU.ActiveCfg = Release|Any CPU
		{3BFBA18D-34AF-418B-899F-D8EBDD86CF07}.Release|Any CPU.Build.0 = Release|Any CPU
		{DC935228-D467-48F7-8B58-51CD54EF120F}.Debug|Any CPU.ActiveCfg = Debug|Any CPU
		{DC935228-D467-48F7-8B58-51CD54EF120F}.Debug|Any CPU.Build.0 = Debug|Any CPU
		{DC935228-D467-48F7-8B58-51CD54EF120F}.Release|Any CPU.ActiveCfg = Release|Any CPU
		{DC935228-D467-48F7-8B58-51CD54EF120F}.Release|Any CPU.Build.0 = Release|Any CPU
		{3C0154A6-BE22-4792-A87D-ABBD64FAD049}.Debug|Any CPU.ActiveCfg = Debug|Any CPU
		{3C0154A6-BE22-4792-A87D-ABBD64FAD049}.Debug|Any CPU.Build.0 = Debug|Any CPU
		{3C0154A6-BE22-4792-A87D-ABBD64FAD049}.Release|Any CPU.ActiveCfg = Release|Any CPU
		{3C0154A6-BE22-4792-A87D-ABBD64FAD049}.Release|Any CPU.Build.0 = Release|Any CPU
		{36831926-1EBD-420E-B8FE-E5720FC5D2B5}.Debug|Any CPU.ActiveCfg = Debug|Any CPU
		{36831926-1EBD-420E-B8FE-E5720FC5D2B5}.Debug|Any CPU.Build.0 = Debug|Any CPU
		{36831926-1EBD-420E-B8FE-E5720FC5D2B5}.Release|Any CPU.ActiveCfg = Release|Any CPU
		{36831926-1EBD-420E-B8FE-E5720FC5D2B5}.Release|Any CPU.Build.0 = Release|Any CPU
	EndGlobalSection
	GlobalSection(SolutionProperties) = preSolution
		HideSolutionNode = FALSE
	EndGlobalSection
	GlobalSection(ExtensibilityGlobals) = postSolution
		SolutionGuid = {6D473E70-53E5-4587-BB65-7FA8D1CA2790}
	EndGlobalSection
EndGlobal
